
Microsoft Visual Studio Solution File, Format Version 12.00
# Visual Studio Version 17
VisualStudioVersion = 17.14.36310.24
MinimumVisualStudioVersion = 10.0.40219.1
Project("{2150E333-8FDC-42A3-9474-1A3956D46DE8}") = "src", "src", "{36D591C7-65C7-A0D1-1CBC-10CDE441BDC8}"
EndProject
Project("{FAE04EC0-301F-11D3-BF4B-00C04F79EFBC}") = "Auth.Shared.Contracts", "Auth.Shared.Contracts\Auth.Shared.Contracts.csproj", "{EFA981B2-37F8-474A-9E71-421A58D59F6F}"
EndProject
Project("{FAE04EC0-301F-11D3-BF4B-00C04F79EFBC}") = "Auth.Domain", "Auth.Domain\Auth.Domain.csproj", "{59825EF7-BF8B-4D7C-B53E-4DE435CD7BF9}"
EndProject
Project("{FAE04EC0-301F-11D3-BF4B-00C04F79EFBC}") = "Auth.Application", "Auth.Application\Auth.Application.csproj", "{E8830C41-C85A-4EA3-8D29-1A2A5EF42AE6}"
EndProject
Project("{FAE04EC0-301F-11D3-BF4B-00C04F79EFBC}") = "Auth.Infrastructure", "Auth.Infrastructure\Auth.Infrastructure.csproj", "{7257C154-080C-44C4-8B4C-1F2C53A4F4E2}"
EndProject
Project("{FAE04EC0-301F-11D3-BF4B-00C04F79EFBC}") = "Auth.Host", "Auth.Host\Auth.Host.csproj", "{663DD1E9-B7BF-47DE-9107-F8C7178D18D3}"
EndProject
Project("{FAE04EC0-301F-11D3-BF4B-00C04F79EFBC}") = "Auth.EntityFramework", "Auth.EntityFramework\Auth.EntityFramework.csproj", "{6914D2B6-F501-4ACC-80EC-C752F920324D}"
EndProject
Project("{FAE04EC0-301F-11D3-BF4B-00C04F79EFBC}") = "Auth.TelegramAuth", "Auth.TelegramAuth\Auth.TelegramAuth.csproj", "{346DEC44-982C-4029-B448-B149A54F09A2}"
EndProject
Project("{2150E333-8FDC-42A3-9474-1A3956D46DE8}") = "Auth", "Auth", "{45D1C0F8-D778-44D4-A22C-DDFD360A4002}"
EndProject
Global
	GlobalSection(SolutionConfigurationPlatforms) = preSolution
		Debug|Any CPU = Debug|Any CPU
		Release|Any CPU = Release|Any CPU
	EndGlobalSection
	GlobalSection(ProjectConfigurationPlatforms) = postSolution
		{EFA981B2-37F8-474A-9E71-421A58D59F6F}.Debug|Any CPU.ActiveCfg = Debug|Any CPU
		{EFA981B2-37F8-474A-9E71-421A58D59F6F}.Debug|Any CPU.Build.0 = Debug|Any CPU
		{EFA981B2-37F8-474A-9E71-421A58D59F6F}.Release|Any CPU.ActiveCfg = Release|Any CPU
		{EFA981B2-37F8-474A-9E71-421A58D59F6F}.Release|Any CPU.Build.0 = Release|Any CPU
		{59825EF7-BF8B-4D7C-B53E-4DE435CD7BF9}.Debug|Any CPU.ActiveCfg = Debug|Any CPU
		{59825EF7-BF8B-4D7C-B53E-4DE435CD7BF9}.Debug|Any CPU.Build.0 = Debug|Any CPU
		{59825EF7-BF8B-4D7C-B53E-4DE435CD7BF9}.Release|Any CPU.ActiveCfg = Release|Any CPU
		{59825EF7-BF8B-4D7C-B53E-4DE435CD7BF9}.Release|Any CPU.Build.0 = Release|Any CPU
		{E8830C41-C85A-4EA3-8D29-1A2A5EF42AE6}.Debug|Any CPU.ActiveCfg = Debug|Any CPU
		{E8830C41-C85A-4EA3-8D29-1A2A5EF42AE6}.Debug|Any CPU.Build.0 = Debug|Any CPU
		{E8830C41-C85A-4EA3-8D29-1A2A5EF42AE6}.Release|Any CPU.ActiveCfg = Release|Any CPU
		{E8830C41-C85A-4EA3-8D29-1A2A5EF42AE6}.Release|Any CPU.Build.0 = Release|Any CPU
		{7257C154-080C-44C4-8B4C-1F2C53A4F4E2}.Debug|Any CPU.ActiveCfg = Debug|Any CPU
		{7257C154-080C-44C4-8B4C-1F2C53A4F4E2}.Debug|Any CPU.Build.0 = Debug|Any CPU
		{7257C154-080C-44C4-8B4C-1F2C53A4F4E2}.Release|Any CPU.ActiveCfg = Release|Any CPU
		{7257C154-080C-44C4-8B4C-1F2C53A4F4E2}.Release|Any CPU.Build.0 = Release|Any CPU
		{663DD1E9-B7BF-47DE-9107-F8C7178D18D3}.Debug|Any CPU.ActiveCfg = Debug|Any CPU
		{663DD1E9-B7BF-47DE-9107-F8C7178D18D3}.Debug|Any CPU.Build.0 = Debug|Any CPU
		{663DD1E9-B7BF-47DE-9107-F8C7178D18D3}.Release|Any CPU.ActiveCfg = Release|Any CPU
		{663DD1E9-B7BF-47DE-9107-F8C7178D18D3}.Release|Any CPU.Build.0 = Release|Any CPU
		{6914D2B6-F501-4ACC-80EC-C752F920324D}.Debug|Any CPU.ActiveCfg = Debug|Any CPU
		{6914D2B6-F501-4ACC-80EC-C752F920324D}.Debug|Any CPU.Build.0 = Debug|Any CPU
		{6914D2B6-F501-4ACC-80EC-C752F920324D}.Release|Any CPU.ActiveCfg = Release|Any CPU
		{6914D2B6-F501-4ACC-80EC-C752F920324D}.Release|Any CPU.Build.0 = Release|Any CPU
		{346DEC44-982C-4029-B448-B149A54F09A2}.Debug|Any CPU.ActiveCfg = Debug|Any CPU
		{346DEC44-982C-4029-B448-B149A54F09A2}.Debug|Any CPU.Build.0 = Debug|Any CPU
		{346DEC44-982C-4029-B448-B149A54F09A2}.Release|Any CPU.ActiveCfg = Release|Any CPU
		{346DEC44-982C-4029-B448-B149A54F09A2}.Release|Any CPU.Build.0 = Release|Any CPU
	EndGlobalSection
	GlobalSection(SolutionProperties) = preSolution
		HideSolutionNode = FALSE
	EndGlobalSection
	GlobalSection(NestedProjects) = preSolution
		{EFA981B2-37F8-474A-9E71-421A58D59F6F} = {45D1C0F8-D778-44D4-A22C-DDFD360A4002}
		{59825EF7-BF8B-4D7C-B53E-4DE435CD7BF9} = {45D1C0F8-D778-44D4-A22C-DDFD360A4002}
		{E8830C41-C85A-4EA3-8D29-1A2A5EF42AE6} = {45D1C0F8-D778-44D4-A22C-DDFD360A4002}
		{7257C154-080C-44C4-8B4C-1F2C53A4F4E2} = {45D1C0F8-D778-44D4-A22C-DDFD360A4002}
		{663DD1E9-B7BF-47DE-9107-F8C7178D18D3} = {45D1C0F8-D778-44D4-A22C-DDFD360A4002}
		{6914D2B6-F501-4ACC-80EC-C752F920324D} = {45D1C0F8-D778-44D4-A22C-DDFD360A4002}
		{346DEC44-982C-4029-B448-B149A54F09A2} = {45D1C0F8-D778-44D4-A22C-DDFD360A4002}
		{45D1C0F8-D778-44D4-A22C-DDFD360A4002} = {36D591C7-65C7-A0D1-1CBC-10CDE441BDC8}
	EndGlobalSection
	GlobalSection(ExtensibilityGlobals) = postSolution
		SolutionGuid = {A1D34CB4-9F60-404A-AD6B-16238118385C}
	EndGlobalSection
EndGlobal
